// !$*UTF8*$!
{
	archiveVersion = 1;
	classes = {
	};
	objectVersion = 48;
	objects = {

/* Begin PBXBuildFile section */
		B553FACC202B58B6006226AF /* AppDelegate.swift in Sources */ = {isa = PBXBuildFile; fileRef = B553FACB202B58B6006226AF /* AppDelegate.swift */; };
		B553FACE202B58B6006226AF /* ViewController.swift in Sources */ = {isa = PBXBuildFile; fileRef = B553FACD202B58B6006226AF /* ViewController.swift */; };
		B553FAD1202B58B6006226AF /* Main.storyboard in Resources */ = {isa = PBXBuildFile; fileRef = B553FACF202B58B6006226AF /* Main.storyboard */; };
		B553FAD3202B58B6006226AF /* Assets.xcassets in Resources */ = {isa = PBXBuildFile; fileRef = B553FAD2202B58B6006226AF /* Assets.xcassets */; };
		B553FAD6202B58B6006226AF /* LaunchScreen.storyboard in Resources */ = {isa = PBXBuildFile; fileRef = B553FAD4202B58B6006226AF /* LaunchScreen.storyboard */; };
		B553FAE1202B58B7006226AF /* CustomCameraTests.swift in Sources */ = {isa = PBXBuildFile; fileRef = B553FAE0202B58B7006226AF /* CustomCameraTests.swift */; };
		B553FAEC202B58B7006226AF /* CustomCameraUITests.swift in Sources */ = {isa = PBXBuildFile; fileRef = B553FAEB202B58B7006226AF /* CustomCameraUITests.swift */; };
/* End PBXBuildFile section */

/* Begin PBXContainerItemProxy section */
		B553FADD202B58B7006226AF /* PBXContainerItemProxy */ = {
			isa = PBXContainerItemProxy;
			containerPortal = B553FAC0202B58B6006226AF /* Project object */;
			proxyType = 1;
			remoteGlobalIDString = B553FAC7202B58B6006226AF;
			remoteInfo = CustomCamera;
		};
		B553FAE8202B58B7006226AF /* PBXContainerItemProxy */ = {
			isa = PBXContainerItemProxy;
			containerPortal = B553FAC0202B58B6006226AF /* Project object */;
			proxyType = 1;
			remoteGlobalIDString = B553FAC7202B58B6006226AF;
			remoteInfo = CustomCamera;
		};
/* End PBXContainerItemProxy section */

/* Begin PBXFileReference section */
		B553FAC8202B58B6006226AF /* CustomCamera.app */ = {isa = PBXFileReference; explicitFileType = wrapper.application; includeInIndex = 0; path = CustomCamera.app; sourceTree = BUILT_PRODUCTS_DIR; };
		B553FACB202B58B6006226AF /* AppDelegate.swift */ = {isa = PBXFileReference; lastKnownFileType = sourcecode.swift; path = AppDelegate.swift; sourceTree = "<group>"; };
		B553FACD202B58B6006226AF /* ViewController.swift */ = {isa = PBXFileReference; lastKnownFileType = sourcecode.swift; path = ViewController.swift; sourceTree = "<group>"; };
		B553FAD0202B58B6006226AF /* Base */ = {isa = PBXFileReference; lastKnownFileType = file.storyboard; name = Base; path = Base.lproj/Main.storyboard; sourceTree = "<group>"; };
		B553FAD2202B58B6006226AF /* Assets.xcassets */ = {isa = PBXFileReference; lastKnownFileType = folder.assetcatalog; path = Assets.xcassets; sourceTree = "<group>"; };
		B553FAD5202B58B6006226AF /* Base */ = {isa = PBXFileReference; lastKnownFileType = file.storyboard; name = Base; path = Base.lproj/LaunchScreen.storyboard; sourceTree = "<group>"; };
		B553FAD7202B58B6006226AF /* Info.plist */ = {isa = PBXFileReference; lastKnownFileType = text.plist.xml; path = Info.plist; sourceTree = "<group>"; };
		B553FADC202B58B7006226AF /* CustomCameraTests.xctest */ = {isa = PBXFileReference; explicitFileType = wrapper.cfbundle; includeInIndex = 0; path = CustomCameraTests.xctest; sourceTree = BUILT_PRODUCTS_DIR; };
		B553FAE0202B58B7006226AF /* CustomCameraTests.swift */ = {isa = PBXFileReference; lastKnownFileType = sourcecode.swift; path = CustomCameraTests.swift; sourceTree = "<group>"; };
		B553FAE2202B58B7006226AF /* Info.plist */ = {isa = PBXFileReference; lastKnownFileType = text.plist.xml; path = Info.plist; sourceTree = "<group>"; };
		B553FAE7202B58B7006226AF /* CustomCameraUITests.xctest */ = {isa = PBXFileReference; explicitFileType = wrapper.cfbundle; includeInIndex = 0; path = CustomCameraUITests.xctest; sourceTree = BUILT_PRODUCTS_DIR; };
		B553FAEB202B58B7006226AF /* CustomCameraUITests.swift */ = {isa = PBXFileReference; lastKnownFileType = sourcecode.swift; path = CustomCameraUITests.swift; sourceTree = "<group>"; };
		B553FAED202B58B7006226AF /* Info.plist */ = {isa = PBXFileReference; lastKnownFileType = text.plist.xml; path = Info.plist; sourceTree = "<group>"; };
/* End PBXFileReference section */

/* Begin PBXFrameworksBuildPhase section */
		B553FAC5202B58B6006226AF /* Frameworks */ = {
			isa = PBXFrameworksBuildPhase;
			buildActionMask = 2147483647;
			files = (
			);
			runOnlyForDeploymentPostprocessing = 0;
		};
		B553FAD9202B58B7006226AF /* Frameworks */ = {
			isa = PBXFrameworksBuildPhase;
			buildActionMask = 2147483647;
			files = (
			);
			runOnlyForDeploymentPostprocessing = 0;
		};
		B553FAE4202B58B7006226AF /* Frameworks */ = {
			isa = PBXFrameworksBuildPhase;
			buildActionMask = 2147483647;
			files = (
			);
			runOnlyForDeploymentPostprocessing = 0;
		};
/* End PBXFrameworksBuildPhase section */

/* Begin PBXGroup section */
		B553FABF202B58B6006226AF = {
			isa = PBXGroup;
			children = (
				B553FACA202B58B6006226AF /* CustomCamera */,
				B553FADF202B58B7006226AF /* CustomCameraTests */,
				B553FAEA202B58B7006226AF /* CustomCameraUITests */,
				B553FAC9202B58B6006226AF /* Products */,
			);
			sourceTree = "<group>";
		};
		B553FAC9202B58B6006226AF /* Products */ = {
			isa = PBXGroup;
			children = (
				B553FAC8202B58B6006226AF /* CustomCamera.app */,
				B553FADC202B58B7006226AF /* CustomCameraTests.xctest */,
				B553FAE7202B58B7006226AF /* CustomCameraUITests.xctest */,
			);
			name = Products;
			sourceTree = "<group>";
		};
		B553FACA202B58B6006226AF /* CustomCamera */ = {
			isa = PBXGroup;
			children = (
				B553FACB202B58B6006226AF /* AppDelegate.swift */,
				B553FACD202B58B6006226AF /* ViewController.swift */,
				B553FACF202B58B6006226AF /* Main.storyboard */,
				B553FAD2202B58B6006226AF /* Assets.xcassets */,
				B553FAD4202B58B6006226AF /* LaunchScreen.storyboard */,
				B553FAD7202B58B6006226AF /* Info.plist */,
			);
			path = CustomCamera;
			sourceTree = "<group>";
		};
		B553FADF202B58B7006226AF /* CustomCameraTests */ = {
			isa = PBXGroup;
			children = (
				B553FAE0202B58B7006226AF /* CustomCameraTests.swift */,
				B553FAE2202B58B7006226AF /* Info.plist */,
			);
			path = CustomCameraTests;
			sourceTree = "<group>";
		};
		B553FAEA202B58B7006226AF /* CustomCameraUITests */ = {
			isa = PBXGroup;
			children = (
				B553FAEB202B58B7006226AF /* CustomCameraUITests.swift */,
				B553FAED202B58B7006226AF /* Info.plist */,
			);
			path = CustomCameraUITests;
			sourceTree = "<group>";
		};
/* End PBXGroup section */

/* Begin PBXNativeTarget section */
		B553FAC7202B58B6006226AF /* CustomCamera */ = {
			isa = PBXNativeTarget;
			buildConfigurationList = B553FAF0202B58B7006226AF /* Build configuration list for PBXNativeTarget "CustomCamera" */;
			buildPhases = (
				B553FAC4202B58B6006226AF /* Sources */,
				B553FAC5202B58B6006226AF /* Frameworks */,
				B553FAC6202B58B6006226AF /* Resources */,
			);
			buildRules = (
			);
			dependencies = (
			);
			name = CustomCamera;
			productName = CustomCamera;
			productReference = B553FAC8202B58B6006226AF /* CustomCamera.app */;
			productType = "com.apple.product-type.application";
		};
		B553FADB202B58B7006226AF /* CustomCameraTests */ = {
			isa = PBXNativeTarget;
			buildConfigurationList = B553FAF3202B58B7006226AF /* Build configuration list for PBXNativeTarget "CustomCameraTests" */;
			buildPhases = (
				B553FAD8202B58B7006226AF /* Sources */,
				B553FAD9202B58B7006226AF /* Frameworks */,
				B553FADA202B58B7006226AF /* Resources */,
			);
			buildRules = (
			);
			dependencies = (
				B553FADE202B58B7006226AF /* PBXTargetDependency */,
			);
			name = CustomCameraTests;
			productName = CustomCameraTests;
			productReference = B553FADC202B58B7006226AF /* CustomCameraTests.xctest */;
			productType = "com.apple.product-type.bundle.unit-test";
		};
		B553FAE6202B58B7006226AF /* CustomCameraUITests */ = {
			isa = PBXNativeTarget;
			buildConfigurationList = B553FAF6202B58B7006226AF /* Build configuration list for PBXNativeTarget "CustomCameraUITests" */;
			buildPhases = (
				B553FAE3202B58B7006226AF /* Sources */,
				B553FAE4202B58B7006226AF /* Frameworks */,
				B553FAE5202B58B7006226AF /* Resources */,
			);
			buildRules = (
			);
			dependencies = (
				B553FAE9202B58B7006226AF /* PBXTargetDependency */,
			);
			name = CustomCameraUITests;
			productName = CustomCameraUITests;
			productReference = B553FAE7202B58B7006226AF /* CustomCameraUITests.xctest */;
			productType = "com.apple.product-type.bundle.ui-testing";
		};
/* End PBXNativeTarget section */

/* Begin PBXProject section */
		B553FAC0202B58B6006226AF /* Project object */ = {
			isa = PBXProject;
			attributes = {
				LastSwiftUpdateCheck = 0920;
				LastUpgradeCheck = 0920;
				ORGANIZATIONNAME = "Mann, Joffery";
				TargetAttributes = {
					B553FAC7202B58B6006226AF = {
						CreatedOnToolsVersion = 9.2;
						ProvisioningStyle = Automatic;
					};
					B553FADB202B58B7006226AF = {
						CreatedOnToolsVersion = 9.2;
						ProvisioningStyle = Automatic;
						TestTargetID = B553FAC7202B58B6006226AF;
					};
					B553FAE6202B58B7006226AF = {
						CreatedOnToolsVersion = 9.2;
						ProvisioningStyle = Automatic;
						TestTargetID = B553FAC7202B58B6006226AF;
					};
				};
			};
			buildConfigurationList = B553FAC3202B58B6006226AF /* Build configuration list for PBXProject "CustomCamera" */;
			compatibilityVersion = "Xcode 8.0";
			developmentRegion = en;
			hasScannedForEncodings = 0;
			knownRegions = (
				en,
				Base,
			);
			mainGroup = B553FABF202B58B6006226AF;
			productRefGroup = B553FAC9202B58B6006226AF /* Products */;
			projectDirPath = "";
			projectRoot = "";
			targets = (
				B553FAC7202B58B6006226AF /* CustomCamera */,
				B553FADB202B58B7006226AF /* CustomCameraTests */,
				B553FAE6202B58B7006226AF /* CustomCameraUITests */,
			);
		};
/* End PBXProject section */

/* Begin PBXResourcesBuildPhase section */
		B553FAC6202B58B6006226AF /* Resources */ = {
			isa = PBXResourcesBuildPhase;
			buildActionMask = 2147483647;
			files = (
				B553FAD6202B58B6006226AF /* LaunchScreen.storyboard in Resources */,
				B553FAD3202B58B6006226AF /* Assets.xcassets in Resources */,
				B553FAD1202B58B6006226AF /* Main.storyboard in Resources */,
			);
			runOnlyForDeploymentPostprocessing = 0;
		};
		B553FADA202B58B7006226AF /* Resources */ = {
			isa = PBXResourcesBuildPhase;
			buildActionMask = 2147483647;
			files = (
			);
			runOnlyForDeploymentPostprocessing = 0;
		};
		B553FAE5202B58B7006226AF /* Resources */ = {
			isa = PBXResourcesBuildPhase;
			buildActionMask = 2147483647;
			files = (
			);
			runOnlyForDeploymentPostprocessing = 0;
		};
/* End PBXResourcesBuildPhase section */

/* Begin PBXSourcesBuildPhase section */
		B553FAC4202B58B6006226AF /* Sources */ = {
			isa = PBXSourcesBuildPhase;
			buildActionMask = 2147483647;
			files = (
				B553FACE202B58B6006226AF /* ViewController.swift in Sources */,
				B553FACC202B58B6006226AF /* AppDelegate.swift in Sources */,
			);
			runOnlyForDeploymentPostprocessing = 0;
		};
		B553FAD8202B58B7006226AF /* Sources */ = {
			isa = PBXSourcesBuildPhase;
			buildActionMask = 2147483647;
			files = (
				B553FAE1202B58B7006226AF /* CustomCameraTests.swift in Sources */,
			);
			runOnlyForDeploymentPostprocessing = 0;
		};
		B553FAE3202B58B7006226AF /* Sources */ = {
			isa = PBXSourcesBuildPhase;
			buildActionMask = 2147483647;
			files = (
				B553FAEC202B58B7006226AF /* CustomCameraUITests.swift in Sources */,
			);
			runOnlyForDeploymentPostprocessing = 0;
		};
/* End PBXSourcesBuildPhase section */

/* Begin PBXTargetDependency section */
		B553FADE202B58B7006226AF /* PBXTargetDependency */ = {
			isa = PBXTargetDependency;
			target = B553FAC7202B58B6006226AF /* CustomCamera */;
			targetProxy = B553FADD202B58B7006226AF /* PBXContainerItemProxy */;
		};
		B553FAE9202B58B7006226AF /* PBXTargetDependency */ = {
			isa = PBXTargetDependency;
			target = B553FAC7202B58B6006226AF /* CustomCamera */;
			targetProxy = B553FAE8202B58B7006226AF /* PBXContainerItemProxy */;
		};
/* End PBXTargetDependency section */

/* Begin PBXVariantGroup section */
		B553FACF202B58B6006226AF /* Main.storyboard */ = {
			isa = PBXVariantGroup;
			children = (
				B553FAD0202B58B6006226AF /* Base */,
			);
			name = Main.storyboard;
			sourceTree = "<group>";
		};
		B553FAD4202B58B6006226AF /* LaunchScreen.storyboard */ = {
			isa = PBXVariantGroup;
			children = (
				B553FAD5202B58B6006226AF /* Base */,
			);
			name = LaunchScreen.storyboard;
			sourceTree = "<group>";
		};
/* End PBXVariantGroup section */

/* Begin XCBuildConfiguration section */
		B553FAEE202B58B7006226AF /* Debug */ = {
			isa = XCBuildConfiguration;
			buildSettings = {
				ALWAYS_SEARCH_USER_PATHS = NO;
				CLANG_ANALYZER_NONNULL = YES;
				CLANG_ANALYZER_NUMBER_OBJECT_CONVERSION = YES_AGGRESSIVE;
				CLANG_CXX_LANGUAGE_STANDARD = "gnu++14";
				CLANG_CXX_LIBRARY = "libc++";
				CLANG_ENABLE_MODULES = YES;
				CLANG_ENABLE_OBJC_ARC = YES;
				CLANG_WARN_BLOCK_CAPTURE_AUTORELEASING = YES;
				CLANG_WARN_BOOL_CONVERSION = YES;
				CLANG_WARN_COMMA = YES;
				CLANG_WARN_CONSTANT_CONVERSION = YES;
				CLANG_WARN_DIRECT_OBJC_ISA_USAGE = YES_ERROR;
				CLANG_WARN_DOCUMENTATION_COMMENTS = YES;
				CLANG_WARN_EMPTY_BODY = YES;
				CLANG_WARN_ENUM_CONVERSION = YES;
				CLANG_WARN_INFINITE_RECURSION = YES;
				CLANG_WARN_INT_CONVERSION = YES;
				CLANG_WARN_NON_LITERAL_NULL_CONVERSION = YES;
				CLANG_WARN_OBJC_LITERAL_CONVERSION = YES;
				CLANG_WARN_OBJC_ROOT_CLASS = YES_ERROR;
				CLANG_WARN_RANGE_LOOP_ANALYSIS = YES;
				CLANG_WARN_STRICT_PROTOTYPES = YES;
				CLANG_WARN_SUSPICIOUS_MOVE = YES;
				CLANG_WARN_UNGUARDED_AVAILABILITY = YES_AGGRESSIVE;
				CLANG_WARN_UNREACHABLE_CODE = YES;
				CLANG_WARN__DUPLICATE_METHOD_MATCH = YES;
				CODE_SIGN_IDENTITY = "iPhone Developer";
				COPY_PHASE_STRIP = NO;
				DEBUG_INFORMATION_FORMAT = dwarf;
				ENABLE_STRICT_OBJC_MSGSEND = YES;
				ENABLE_TESTABILITY = YES;
				GCC_C_LANGUAGE_STANDARD = gnu11;
				GCC_DYNAMIC_NO_PIC = NO;
				GCC_NO_COMMON_BLOCKS = YES;
				GCC_OPTIMIZATION_LEVEL = 0;
				GCC_PREPROCESSOR_DEFINITIONS = (
					"DEBUG=1",
					"$(inherited)",
				);
				GCC_WARN_64_TO_32_BIT_CONVERSION = YES;
				GCC_WARN_ABOUT_RETURN_TYPE = YES_ERROR;
				GCC_WARN_UNDECLARED_SELECTOR = YES;
				GCC_WARN_UNINITIALIZED_AUTOS = YES_AGGRESSIVE;
				GCC_WARN_UNUSED_FUNCTION = YES;
				GCC_WARN_UNUSED_VARIABLE = YES;
				IPHONEOS_DEPLOYMENT_TARGET = 11.2;
				MTL_ENABLE_DEBUG_INFO = YES;
				ONLY_ACTIVE_ARCH = YES;
				SDKROOT = iphoneos;
				SWIFT_ACTIVE_COMPILATION_CONDITIONS = DEBUG;
				SWIFT_OPTIMIZATION_LEVEL = "-Onone";
			};
			name = Debug;
		};
		B553FAEF202B58B7006226AF /* Release */ = {
			isa = XCBuildConfiguration;
			buildSettings = {
				ALWAYS_SEARCH_USER_PATHS = NO;
				CLANG_ANALYZER_NONNULL = YES;
				CLANG_ANALYZER_NUMBER_OBJECT_CONVERSION = YES_AGGRESSIVE;
				CLANG_CXX_LANGUAGE_STANDARD = "gnu++14";
				CLANG_CXX_LIBRARY = "libc++";
				CLANG_ENABLE_MODULES = YES;
				CLANG_ENABLE_OBJC_ARC = YES;
				CLANG_WARN_BLOCK_CAPTURE_AUTORELEASING = YES;
				CLANG_WARN_BOOL_CONVERSION = YES;
				CLANG_WARN_COMMA = YES;
				CLANG_WARN_CONSTANT_CONVERSION = YES;
				CLANG_WARN_DIRECT_OBJC_ISA_USAGE = YES_ERROR;
				CLANG_WARN_DOCUMENTATION_COMMENTS = YES;
				CLANG_WARN_EMPTY_BODY = YES;
				CLANG_WARN_ENUM_CONVERSION = YES;
				CLANG_WARN_INFINITE_RECURSION = YES;
				CLANG_WARN_INT_CONVERSION = YES;
				CLANG_WARN_NON_LITERAL_NULL_CONVERSION = YES;
				CLANG_WARN_OBJC_LITERAL_CONVERSION = YES;
				CLANG_WARN_OBJC_ROOT_CLASS = YES_ERROR;
				CLANG_WARN_RANGE_LOOP_ANALYSIS = YES;
				CLANG_WARN_STRICT_PROTOTYPES = YES;
				CLANG_WARN_SUSPICIOUS_MOVE = YES;
				CLANG_WARN_UNGUARDED_AVAILABILITY = YES_AGGRESSIVE;
				CLANG_WARN_UNREACHABLE_CODE = YES;
				CLANG_WARN__DUPLICATE_METHOD_MATCH = YES;
				CODE_SIGN_IDENTITY = "iPhone Developer";
				COPY_PHASE_STRIP = NO;
				DEBUG_INFORMATION_FORMAT = "dwarf-with-dsym";
				ENABLE_NS_ASSERTIONS = NO;
				ENABLE_STRICT_OBJC_MSGSEND = YES;
				GCC_C_LANGUAGE_STANDARD = gnu11;
				GCC_NO_COMMON_BLOCKS = YES;
				GCC_WARN_64_TO_32_BIT_CONVERSION = YES;
				GCC_WARN_ABOUT_RETURN_TYPE = YES_ERROR;
				GCC_WARN_UNDECLARED_SELECTOR = YES;
				GCC_WARN_UNINITIALIZED_AUTOS = YES_AGGRESSIVE;
				GCC_WARN_UNUSED_FUNCTION = YES;
				GCC_WARN_UNUSED_VARIABLE = YES;
				IPHONEOS_DEPLOYMENT_TARGET = 11.2;
				MTL_ENABLE_DEBUG_INFO = NO;
				SDKROOT = iphoneos;
				SWIFT_OPTIMIZATION_LEVEL = "-Owholemodule";
				VALIDATE_PRODUCT = YES;
			};
			name = Release;
		};
		B553FAF1202B58B7006226AF /* Debug */ = {
			isa = XCBuildConfiguration;
			buildSettings = {
				ASSETCATALOG_COMPILER_APPICON_NAME = AppIcon;
				CODE_SIGN_STYLE = Automatic;
				DEVELOPMENT_TEAM = LQ6RFS97ZY;
				INFOPLIST_FILE = CustomCamera/Info.plist;
				LD_RUNPATH_SEARCH_PATHS = "$(inherited) @executable_path/Frameworks";
				PRODUCT_BUNDLE_IDENTIFIER = com.scientificgames.CustomCamera;
				PRODUCT_NAME = "$(TARGET_NAME)";
				SWIFT_VERSION = 4.0;
				TARGETED_DEVICE_FAMILY = "1,2";
			};
			name = Debug;
		};
		B553FAF2202B58B7006226AF /* Release */ = {
			isa = XCBuildConfiguration;
			buildSettings = {
				ASSETCATALOG_COMPILER_APPICON_NAME = AppIcon;
				CODE_SIGN_STYLE = Automatic;
				DEVELOPMENT_TEAM = LQ6RFS97ZY;
				INFOPLIST_FILE = CustomCamera/Info.plist;
				LD_RUNPATH_SEARCH_PATHS = "$(inherited) @executable_path/Frameworks";
				PRODUCT_BUNDLE_IDENTIFIER = com.scientificgames.CustomCamera;
				PRODUCT_NAME = "$(TARGET_NAME)";
				SWIFT_VERSION = 4.0;
				TARGETED_DEVICE_FAMILY = "1,2";
			};
			name = Release;
		};
		B553FAF4202B58B7006226AF /* Debug */ = {
			isa = XCBuildConfiguration;
			buildSettings = {
				ALWAYS_EMBED_SWIFT_STANDARD_LIBRARIES = YES;
				BUNDLE_LOADER = "$(TEST_HOST)";
				CODE_SIGN_STYLE = Automatic;
				DEVELOPMENT_TEAM = LQ6RFS97ZY;
				INFOPLIST_FILE = CustomCameraTests/Info.plist;
				LD_RUNPATH_SEARCH_PATHS = "$(inherited) @executable_path/Frameworks @loader_path/Frameworks";
				PRODUCT_BUNDLE_IDENTIFIER = com.scientificgames.CustomCameraTests;
				PRODUCT_NAME = "$(TARGET_NAME)";
				SWIFT_VERSION = 4.0;
				TARGETED_DEVICE_FAMILY = "1,2";
				TEST_HOST = "$(BUILT_PRODUCTS_DIR)/CustomCamera.app/CustomCamera";
			};
			name = Debug;
		};
		B553FAF5202B58B7006226AF /* Release */ = {
			isa = XCBuildConfiguration;
			buildSettings = {
				ALWAYS_EMBED_SWIFT_STANDARD_LIBRARIES = YES;
				BUNDLE_LOADER = "$(TEST_HOST)";
				CODE_SIGN_STYLE = Automatic;
				DEVELOPMENT_TEAM = LQ6RFS97ZY;
				INFOPLIST_FILE = CustomCameraTests/Info.plist;
				LD_RUNPATH_SEARCH_PATHS = "$(inherited) @executable_path/Frameworks @loader_path/Frameworks";
				PRODUCT_BUNDLE_IDENTIFIER = com.scientificgames.CustomCameraTests;
				PRODUCT_NAME = "$(TARGET_NAME)";
				SWIFT_VERSION = 4.0;
				TARGETED_DEVICE_FAMILY = "1,2";
				TEST_HOST = "$(BUILT_PRODUCTS_DIR)/CustomCamera.app/CustomCamera";
			};
			name = Release;
		};
		B553FAF7202B58B7006226AF /* Debug */ = {
			isa = XCBuildConfiguration;
			buildSettings = {
				ALWAYS_EMBED_SWIFT_STANDARD_LIBRARIES = YES;
				CODE_SIGN_STYLE = Automatic;
				DEVELOPMENT_TEAM = LQ6RFS97ZY;
				INFOPLIST_FILE = CustomCameraUITests/Info.plist;
				LD_RUNPATH_SEARCH_PATHS = "$(inherited) @executable_path/Frameworks @loader_path/Frameworks";
				PRODUCT_BUNDLE_IDENTIFIER = com.scientificgames.CustomCameraUITests;
				PRODUCT_NAME = "$(TARGET_NAME)";
				SWIFT_VERSION = 4.0;
				TARGETED_DEVICE_FAMILY = "1,2";
				TEST_TARGET_NAME = CustomCamera;
			};
			name = Debug;
		};
		B553FAF8202B58B7006226AF /* Release */ = {
			isa = XCBuildConfiguration;
			buildSettings = {
				ALWAYS_EMBED_SWIFT_STANDARD_LIBRARIES = YES;
				CODE_SIGN_STYLE = Automatic;
				DEVELOPMENT_TEAM = LQ6RFS97ZY;
				INFOPLIST_FILE = CustomCameraUITests/Info.plist;
				LD_RUNPATH_SEARCH_PATHS = "$(inherited) @executable_path/Frameworks @loader_path/Frameworks";
				PRODUCT_BUNDLE_IDENTIFIER = com.scientificgames.CustomCameraUITests;
				PRODUCT_NAME = "$(TARGET_NAME)";
				SWIFT_VERSION = 4.0;
				TARGETED_DEVICE_FAMILY = "1,2";
				TEST_TARGET_NAME = CustomCamera;
			};
			name = Release;
		};
/* End XCBuildConfiguration section */

/* Begin XCConfigurationList section */
		B553FAC3202B58B6006226AF /* Build configuration list for PBXProject "CustomCamera" */ = {
			isa = XCConfigurationList;
			buildConfigurations = (
				B553FAEE202B58B7006226AF /* Debug */,
				B553FAEF202B58B7006226AF /* Release */,
			);
			defaultConfigurationIsVisible = 0;
			defaultConfigurationName = Release;
		};
		B553FAF0202B58B7006226AF /* Build configuration list for PBXNativeTarget "CustomCamera" */ = {
			isa = XCConfigurationList;
			buildConfigurations = (
				B553FAF1202B58B7006226AF /* Debug */,
				B553FAF2202B58B7006226AF /* Release */,
			);
			defaultConfigurationIsVisible = 0;
			defaultConfigurationName = Release;
		};
		B553FAF3202B58B7006226AF /* Build configuration list for PBXNativeTarget "CustomCameraTests" */ = {
			isa = XCConfigurationList;
			buildConfigurations = (
				B553FAF4202B58B7006226AF /* Debug */,
				B553FAF5202B58B7006226AF /* Release */,
			);
			defaultConfigurationIsVisible = 0;
			defaultConfigurationName = Release;
		};
		B553FAF6202B58B7006226AF /* Build configuration list for PBXNativeTarget "CustomCameraUITests" */ = {
			isa = XCConfigurationList;
			buildConfigurations = (
				B553FAF7202B58B7006226AF /* Debug */,
				B553FAF8202B58B7006226AF /* Release */,
			);
			defaultConfigurationIsVisible = 0;
			defaultConfigurationName = Release;
		};
/* End XCConfigurationList section */
	};
	rootObject = B553FAC0202B58B6006226AF /* Project object */;
}
